
Microsoft Visual Studio Solution File, Format Version 12.00
# Visual Studio 15
VisualStudioVersion = 15.0.28307.1082
MinimumVisualStudioVersion = 10.0.40219.1
Project("{888888A0-9F3D-457C-B088-3A5042F75D52}") = "tensorflow_image_classifier", "tensorflow_image_classifier\tensorflow_image_classifier.pyproj", "{87B85D87-FE93-48D0-A0F1-6D75C40D4F94}"
EndProject
Global
	GlobalSection(SolutionConfigurationPlatforms) = preSolution
		Debug|Any CPU = Debug|Any CPU
		Release|Any CPU = Release|Any CPU
	EndGlobalSection
	GlobalSection(ProjectConfigurationPlatforms) = postSolution
		{87B85D87-FE93-48D0-A0F1-6D75C40D4F94}.Debug|Any CPU.ActiveCfg = Debug|Any CPU
		{87B85D87-FE93-48D0-A0F1-6D75C40D4F94}.Release|Any CPU.ActiveCfg = Release|Any CPU
	EndGlobalSection
	GlobalSection(SolutionProperties) = preSolution
		HideSolutionNode = FALSE
	EndGlobalSection
	GlobalSection(ExtensibilityGlobals) = postSolution
		SolutionGuid = {0F8FC769-4C28-45CD-913B-D634022BEE37}
	EndGlobalSection
EndGlobal
